
Microsoft Visual Studio Solution File, Format Version 12.00
# Visual Studio Version 17
VisualStudioVersion = 17.5.002.0
MinimumVisualStudioVersion = 10.0.40219.1
Project("{9A19103F-16F7-4668-BE54-9A1E7A4F7556}") = "graphql-account-service", "graphql-account-service.csproj", "{030F7B78-3BC8-453E-9850-F95A9DCCE915}"
EndProject
Global
	GlobalSection(SolutionConfigurationPlatforms) = preSolution
		Debug|Any CPU = Debug|Any CPU
		Release|Any CPU = Release|Any CPU
	EndGlobalSection
	GlobalSection(ProjectConfigurationPlatforms) = postSolution
		{030F7B78-3BC8-453E-9850-F95A9DCCE915}.Debug|Any CPU.ActiveCfg = Debug|Any CPU
		{030F7B78-3BC8-453E-9850-F95A9DCCE915}.Debug|Any CPU.Build.0 = Debug|Any CPU
		{030F7B78-3BC8-453E-9850-F95A9DCCE915}.Release|Any CPU.ActiveCfg = Release|Any CPU
		{030F7B78-3BC8-453E-9850-F95A9DCCE915}.Release|Any CPU.Build.0 = Release|Any CPU
	EndGlobalSection
	GlobalSection(SolutionProperties) = preSolution
		HideSolutionNode = FALSE
	EndGlobalSection
	GlobalSection(ExtensibilityGlobals) = postSolution
		SolutionGuid = {E46CACD7-A495-4C5F-B638-FB1142A842E6}
	EndGlobalSection
EndGlobal
